lockfileVersion: '9.0'

settings:
  autoInstallPeers: true
  excludeLinksFromLockfile: false

importers:

  .:
    dependencies:
      '@web-resource-monitor/error':
        specifier: workspace:^
        version: link:../error
      '@web-resource-monitor/resource':
        specifier: workspace:^
        version: link:../resource
